
Microsoft Visual Studio Solution File, Format Version 12.00
Project("{FAE04EC0-301F-11D3-BF4B-00C04F79EFBC}") = "ASS", "ASS\ASS.csproj", "{5553A462-1922-46F8-9DD3-CA82BA3965AA}"
EndProject
Project("{FAE04EC0-301F-11D3-BF4B-00C04F79EFBC}") = "ASS.Example", "ASS.Example\ASS.Example.csproj", "{537BC30F-80F8-4A91-9D24-25E23B7BA28B}"
EndProject
Global
	GlobalSection(SolutionConfigurationPlatforms) = preSolution
		Exiled|Any CPU = Exiled|Any CPU
		LabAPI|Any CPU = LabAPI|Any CPU
	EndGlobalSection
	GlobalSection(ProjectConfigurationPlatforms) = postSolution
		{5553A462-1922-46F8-9DD3-CA82BA3965AA}.LabAPI|Any CPU.ActiveCfg = LabAPI|Any CPU
		{5553A462-1922-46F8-9DD3-CA82BA3965AA}.LabAPI|Any CPU.Build.0 = LabAPI|Any CPU
		{5553A462-1922-46F8-9DD3-CA82BA3965AA}.Exiled|Any CPU.ActiveCfg = Exiled|Any CPU
		{5553A462-1922-46F8-9DD3-CA82BA3965AA}.Exiled|Any CPU.Build.0 = Exiled|Any CPU
		{537BC30F-80F8-4A91-9D24-25E23B7BA28B}.LabAPI|Any CPU.ActiveCfg = LabAPI|Any CPU
		{537BC30F-80F8-4A91-9D24-25E23B7BA28B}.LabAPI|Any CPU.Build.0 = LabAPI|Any CPU
		{537BC30F-80F8-4A91-9D24-25E23B7BA28B}.Exiled|Any CPU.ActiveCfg = Exiled|Any CPU
		{537BC30F-80F8-4A91-9D24-25E23B7BA28B}.Exiled|Any CPU.Build.0 = Exiled|Any CPU
	EndGlobalSection
EndGlobal
